
Microsoft Visual Studio Solution File, Format Version 12.00
# Visual Studio Version 17
VisualStudioVersion = 17.10.35013.160
MinimumVisualStudioVersion = 10.0.40219.1
Project("{9A19103F-16F7-4668-BE54-9A1E7A4F7556}") = "PocNetRabbitMQ", "PocNetRabbitMQ\PocNetRabbitMQ.csproj", "{EF74C697-387C-491B-B481-333E1FD3403B}"
EndProject
Project("{2150E333-8FDC-42A3-9474-1A3956D46DE8}") = "Solution Items", "Solution Items", "{AE665D4E-48EC-4504-A1C3-BD4F396B3A05}"
	ProjectSection(SolutionItems) = preProject
		docker-compose.yml = docker-compose.yml
	EndProjectSection
EndProject
Global
	GlobalSection(SolutionConfigurationPlatforms) = preSolution
		Debug|Any CPU = Debug|Any CPU
		Release|Any CPU = Release|Any CPU
	EndGlobalSection
	GlobalSection(ProjectConfigurationPlatforms) = postSolution
		{EF74C697-387C-491B-B481-333E1FD3403B}.Debug|Any CPU.ActiveCfg = Debug|Any CPU
		{EF74C697-387C-491B-B481-333E1FD3403B}.Debug|Any CPU.Build.0 = Debug|Any CPU
		{EF74C697-387C-491B-B481-333E1FD3403B}.Release|Any CPU.ActiveCfg = Release|Any CPU
		{EF74C697-387C-491B-B481-333E1FD3403B}.Release|Any CPU.Build.0 = Release|Any CPU
	EndGlobalSection
	GlobalSection(SolutionProperties) = preSolution
		HideSolutionNode = FALSE
	EndGlobalSection
	GlobalSection(ExtensibilityGlobals) = postSolution
		SolutionGuid = {B1460508-F3C6-4A7E-B790-EF337C929F26}
	EndGlobalSection
EndGlobal
